
Microsoft Visual Studio Solution File, Format Version 12.00
# Visual Studio 15
VisualStudioVersion = 15.0.27130.2036
MinimumVisualStudioVersion = 10.0.40219.1
Project("{FAE04EC0-301F-11D3-BF4B-00C04F79EFBC}") = "TransformasiGGWP", "TransformasiGGWP\TransformasiGGWP.csproj", "{ACF7DD78-27F6-4B05-BC40-3A829F1D2E1A}"
EndProject
Project("{54435603-DBB4-11D2-8724-00A0C9A8B90C}") = "Pengabdi Senja", "Pengabdi Senja\Pengabdi Senja.vdproj", "{9808018C-D7B4-40F7-9D82-E5243C1BFFAC}"
EndProject
Global
	GlobalSection(SolutionConfigurationPlatforms) = preSolution
		Debug|Any CPU = Debug|Any CPU
		Release|Any CPU = Release|Any CPU
	EndGlobalSection
	GlobalSection(ProjectConfigurationPlatforms) = postSolution
		{ACF7DD78-27F6-4B05-BC40-3A829F1D2E1A}.Debug|Any CPU.ActiveCfg = Debug|Any CPU
		{ACF7DD78-27F6-4B05-BC40-3A829F1D2E1A}.Debug|Any CPU.Build.0 = Debug|Any CPU
		{ACF7DD78-27F6-4B05-BC40-3A829F1D2E1A}.Release|Any CPU.ActiveCfg = Release|Any CPU
		{ACF7DD78-27F6-4B05-BC40-3A829F1D2E1A}.Release|Any CPU.Build.0 = Release|Any CPU
		{9808018C-D7B4-40F7-9D82-E5243C1BFFAC}.Debug|Any CPU.ActiveCfg = Debug
		{9808018C-D7B4-40F7-9D82-E5243C1BFFAC}.Release|Any CPU.ActiveCfg = Release
	EndGlobalSection
	GlobalSection(SolutionProperties) = preSolution
		HideSolutionNode = FALSE
	EndGlobalSection
	GlobalSection(ExtensibilityGlobals) = postSolution
		SolutionGuid = {84715E1E-C8E7-4447-B29C-BC73D9090F8A}
	EndGlobalSection
EndGlobal
